
Microsoft Visual Studio Solution File, Format Version 12.00
# Visual Studio Version 17
VisualStudioVersion = 17.7.34031.279
MinimumVisualStudioVersion = 10.0.40219.1
Project("{FAE04EC0-301F-11D3-BF4B-00C04F79EFBC}") = "Inheritance", "Inheritance\Inheritance.csproj", "{6347A518-2886-4C0E-8C9E-A3E6C2CFEA7D}"
EndProject
Global
	GlobalSection(SolutionConfigurationPlatforms) = preSolution
		Debug|Any CPU = Debug|Any CPU
		Release|Any CPU = Release|Any CPU
	EndGlobalSection
	GlobalSection(ProjectConfigurationPlatforms) = postSolution
		{6347A518-2886-4C0E-8C9E-A3E6C2CFEA7D}.Debug|Any CPU.ActiveCfg = Debug|Any CPU
		{6347A518-2886-4C0E-8C9E-A3E6C2CFEA7D}.Debug|Any CPU.Build.0 = Debug|Any CPU
		{6347A518-2886-4C0E-8C9E-A3E6C2CFEA7D}.Release|Any CPU.ActiveCfg = Release|Any CPU
		{6347A518-2886-4C0E-8C9E-A3E6C2CFEA7D}.Release|Any CPU.Build.0 = Release|Any CPU
	EndGlobalSection
	GlobalSection(SolutionProperties) = preSolution
		HideSolutionNode = FALSE
	EndGlobalSection
	GlobalSection(ExtensibilityGlobals) = postSolution
		SolutionGuid = {DBFE9343-F635-438A-8269-7FF43D0AC79F}
	EndGlobalSection
EndGlobal
